// !$*UTF8*$!
{
	archiveVersion = 1;
	classes = {
	};
	objectVersion = 46;
	objects = {

/* Begin PBXBuildFile section */
		C2760E341BFDFF8E004A2321 /* main.m in Sources */ = {isa = PBXBuildFile; fileRef = C2760E331BFDFF8E004A2321 /* main.m */; };
		C2760E3C1BFDFFA6004A2321 /* test.m in Sources */ = {isa = PBXBuildFile; fileRef = C2760E3B1BFDFFA6004A2321 /* test.m */; settings = {ASSET_TAGS = (); }; };
/* End PBXBuildFile section */

/* Begin PBXCopyFilesBuildPhase section */
		C2760E2E1BFDFF8E004A2321 /* CopyFiles */ = {
			isa = PBXCopyFilesBuildPhase;
			buildActionMask = 2147483647;
			dstPath = /usr/share/man/man1/;
			dstSubfolderSpec = 0;
			files = (
			);
			runOnlyForDeploymentPostprocessing = 1;
		};
/* End PBXCopyFilesBuildPhase section */

/* Begin PBXFileReference section */
		C2760E301BFDFF8E004A2321 /* c_src */ = {isa = PBXFileReference; explicitFileType = "compiled.mach-o.executable"; includeInIndex = 0; path = c_src; sourceTree = BUILT_PRODUCTS_DIR; };
		C2760E331BFDFF8E004A2321 /* main.m */ = {isa = PBXFileReference; lastKnownFileType = sourcecode.c.objc; path = main.m; sourceTree = "<group>"; };
		C2760E3A1BFDFFA6004A2321 /* test.h */ = {isa = PBXFileReference; fileEncoding = 4; lastKnownFileType = sourcecode.c.h; path = test.h; sourceTree = "<group>"; };
		C2760E3B1BFDFFA6004A2321 /* test.m */ = {isa = PBXFileReference; fileEncoding = 4; lastKnownFileType = sourcecode.c.objc; path = test.m; sourceTree = "<group>"; };
		C2760E3E1BFE01E0004A2321 /* xcode的github设置.txt */ = {isa = PBXFileReference; fileEncoding = 4; lastKnownFileType = text; name = "xcode的github设置.txt"; path = "../../../Downloads/xcode的github设置.txt"; sourceTree = "<group>"; };
/* End PBXFileReference section */

/* Begin PBXFrameworksBuildPhase section */
		C2760E2D1BFDFF8E004A2321 /* Frameworks */ = {
			isa = PBXFrameworksBuildPhase;
			buildActionMask = 2147483647;
			files = (
			);
			runOnlyForDeploymentPostprocessing = 0;
		};
/* End PBXFrameworksBuildPhase section */

/* Begin PBXGroup section */
		C2760E271BFDFF8E004A2321 = {
			isa = PBXGroup;
			children = (
				C2760E321BFDFF8E004A2321 /* c_src */,
				C2760E311BFDFF8E004A2321 /* Products */,
			);
			sourceTree = "<group>";
		};
		C2760E311BFDFF8E004A2321 /* Products */ = {
			isa = PBXGroup;
			children = (
				C2760E301BFDFF8E004A2321 /* c_src */,
			);
			name = Products;
			sourceTree = "<group>";
		};
		C2760E321BFDFF8E004A2321 /* c_src */ = {
			isa = PBXGroup;
			children = (
				C2760E3E1BFE01E0004A2321 /* xcode的github设置.txt */,
				C2760E331BFDFF8E004A2321 /* main.m */,
				C2760E3A1BFDFFA6004A2321 /* test.h */,
				C2760E3B1BFDFFA6004A2321 /* test.m */,
			);
			path = c_src;
			sourceTree = "<group>";
		};
/* End PBXGroup section */

/* Begin PBXNativeTarget section */
		C2760E2F1BFDFF8E004A2321 /* c_src */ = {
			isa = PBXNativeTarget;
			buildConfigurationList = C2760E371BFDFF8E004A2321 /* Build configuration list for PBXNativeTarget "c_src" */;
			buildPhases = (
				C2760E2C1BFDFF8E004A2321 /* Sources */,
				C2760E2D1BFDFF8E004A2321 /* Frameworks */,
				C2760E2E1BFDFF8E004A2321 /* CopyFiles */,
			);
			buildRules = (
			);
			dependencies = (
			);
			name = c_src;
			productName = c_src;
			productReference = C2760E301BFDFF8E004A2321 /* c_src */;
			productType = "com.apple.product-type.tool";
		};
/* End PBXNativeTarget section */

/* Begin PBXProject section */
		C2760E281BFDFF8E004A2321 /* Project object */ = {
			isa = PBXProject;
			attributes = {
				LastUpgradeCheck = 0700;
				ORGANIZATIONNAME = lanou3g;
				TargetAttributes = {
					C2760E2F1BFDFF8E004A2321 = {
						CreatedOnToolsVersion = 7.0;
					};
				};
			};
			buildConfigurationList = C2760E2B1BFDFF8E004A2321 /* Build configuration list for PBXProject "c_src" */;
			compatibilityVersion = "Xcode 3.2";
			developmentRegion = English;
			hasScannedForEncodings = 0;
			knownRegions = (
				en,
			);
			mainGroup = C2760E271BFDFF8E004A2321;
			productRefGroup = C2760E311BFDFF8E004A2321 /* Products */;
			projectDirPath = "";
			projectRoot = "";
			targets = (
				C2760E2F1BFDFF8E004A2321 /* c_src */,
			);
		};
/* End PBXProject section */

/* Begin PBXSourcesBuildPhase section */
		C2760E2C1BFDFF8E004A2321 /* Sources */ = {
			isa = PBXSourcesBuildPhase;
			buildActionMask = 2147483647;
			files = (
				C2760E341BFDFF8E004A2321 /* main.m in Sources */,
				C2760E3C1BFDFFA6004A2321 /* test.m in Sources */,
			);
			runOnlyForDeploymentPostprocessing = 0;
		};
/* End PBXSourcesBuildPhase section */

/* Begin XCBuildConfiguration section */
		C2760E351BFDFF8E004A2321 /* Debug */ = {
			isa = XCBuildConfiguration;
			buildSettings = {
				ALWAYS_SEARCH_USER_PATHS = NO;
				CLANG_CXX_LANGUAGE_STANDARD = "gnu++0x";
				CLANG_CXX_LIBRARY = "libc++";
				CLANG_ENABLE_MODULES = YES;
				CLANG_ENABLE_OBJC_ARC = YES;
				CLANG_WARN_BOOL_CONVERSION = YES;
				CLANG_WARN_CONSTANT_CONVERSION = YES;
				CLANG_WARN_DIRECT_OBJC_ISA_USAGE = YES_ERROR;
				CLANG_WARN_EMPTY_BODY = YES;
				CLANG_WARN_ENUM_CONVERSION = YES;
				CLANG_WARN_INT_CONVERSION = YES;
				CLANG_WARN_OBJC_ROOT_CLASS = YES_ERROR;
				CLANG_WARN_UNREACHABLE_CODE = YES;
				CLANG_WARN__DUPLICATE_METHOD_MATCH = YES;
				COPY_PHASE_STRIP = NO;
				DEBUG_INFORMATION_FORMAT = dwarf;
				ENABLE_STRICT_OBJC_MSGSEND = YES;
				ENABLE_TESTABILITY = YES;
				GCC_C_LANGUAGE_STANDARD = gnu99;
				GCC_DYNAMIC_NO_PIC = NO;
				GCC_NO_COMMON_BLOCKS = YES;
				GCC_OPTIMIZATION_LEVEL = 0;
				GCC_PREPROCESSOR_DEFINITIONS = (
					"DEBUG=1",
					"$(inherited)",
				);
				GCC_WARN_64_TO_32_BIT_CONVERSION = YES;
				GCC_WARN_ABOUT_RETURN_TYPE = YES_ERROR;
				GCC_WARN_UNDECLARED_SELECTOR = YES;
				GCC_WARN_UNINITIALIZED_AUTOS = YES_AGGRESSIVE;
				GCC_WARN_UNUSED_FUNCTION = YES;
				GCC_WARN_UNUSED_VARIABLE = YES;
				MACOSX_DEPLOYMENT_TARGET = 10.11;
				MTL_ENABLE_DEBUG_INFO = YES;
				ONLY_ACTIVE_ARCH = YES;
				SDKROOT = macosx;
			};
			name = Debug;
		};
		C2760E361BFDFF8E004A2321 /* Release */ = {
			isa = XCBuildConfiguration;
			buildSettings = {
				ALWAYS_SEARCH_USER_PATHS = NO;
				CLANG_CXX_LANGUAGE_STANDARD = "gnu++0x";
				CLANG_CXX_LIBRARY = "libc++";
				CLANG_ENABLE_MODULES = YES;
				CLANG_ENABLE_OBJC_ARC = YES;
				CLANG_WARN_BOOL_CONVERSION = YES;
				CLANG_WARN_CONSTANT_CONVERSION = YES;
				CLANG_WARN_DIRECT_OBJC_ISA_USAGE = YES_ERROR;
				CLANG_WARN_EMPTY_BODY = YES;
				CLANG_WARN_ENUM_CONVERSION = YES;
				CLANG_WARN_INT_CONVERSION = YES;
				CLANG_WARN_OBJC_ROOT_CLASS = YES_ERROR;
				CLANG_WARN_UNREACHABLE_CODE = YES;
				CLANG_WARN__DUPLICATE_METHOD_MATCH = YES;
				COPY_PHASE_STRIP = NO;
				DEBUG_INFORMATION_FORMAT = "dwarf-with-dsym";
				ENABLE_NS_ASSERTIONS = NO;
				ENABLE_STRICT_OBJC_MSGSEND = YES;
				GCC_C_LANGUAGE_STANDARD = gnu99;
				GCC_NO_COMMON_BLOCKS = YES;
				GCC_WARN_64_TO_32_BIT_CONVERSION = YES;
				GCC_WARN_ABOUT_RETURN_TYPE = YES_ERROR;
				GCC_WARN_UNDECLARED_SELECTOR = YES;
				GCC_WARN_UNINITIALIZED_AUTOS = YES_AGGRESSIVE;
				GCC_WARN_UNUSED_FUNCTION = YES;
				GCC_WARN_UNUSED_VARIABLE = YES;
				MACOSX_DEPLOYMENT_TARGET = 10.11;
				MTL_ENABLE_DEBUG_INFO = NO;
				SDKROOT = macosx;
			};
			name = Release;
		};
		C2760E381BFDFF8E004A2321 /* Debug */ = {
			isa = XCBuildConfiguration;
			buildSettings = {
				PRODUCT_NAME = "$(TARGET_NAME)";
			};
			name = Debug;
		};
		C2760E391BFDFF8E004A2321 /* Release */ = {
			isa = XCBuildConfiguration;
			buildSettings = {
				PRODUCT_NAME = "$(TARGET_NAME)";
			};
			name = Release;
		};
/* End XCBuildConfiguration section */

/* Begin XCConfigurationList section */
		C2760E2B1BFDFF8E004A2321 /* Build configuration list for PBXProject "c_src" */ = {
			isa = XCConfigurationList;
			buildConfigurations = (
				C2760E351BFDFF8E004A2321 /* Debug */,
				C2760E361BFDFF8E004A2321 /* Release */,
			);
			defaultConfigurationIsVisible = 0;
			defaultConfigurationName = Release;
		};
		C2760E371BFDFF8E004A2321 /* Build configuration list for PBXNativeTarget "c_src" */ = {
			isa = XCConfigurationList;
			buildConfigurations = (
				C2760E381BFDFF8E004A2321 /* Debug */,
				C2760E391BFDFF8E004A2321 /* Release */,
			);
			defaultConfigurationIsVisible = 0;
			defaultConfigurationName = Release;
		};
/* End XCConfigurationList section */
	};
	rootObject = C2760E281BFDFF8E004A2321 /* Project object */;
}
